<?xml version="1.0" encoding="utf-8"?>
<Project ToolsVersion="4.0" xmlns="http://schemas.microsoft.com/developer/msbuild/2003">
  <ItemGroup>
    <Filter Include="Archivos de origen">
      <UniqueIdentifier>{4FC737F1-C7A5-4376-A066-2A32D752A2FF}</UniqueIdentifier>
      <Extensions>cpp;c;cc;cxx;def;odl;idl;hpj;bat;asm;asmx</Extensions>
    </Filter>
    <Filter Include="Archivos de encabezado">
      <UniqueIdentifier>{93995380-89BD-4b04-88EB-625FBE52EBFB}</UniqueIdentifier>
      <Extensions>h;hh;hpp;hxx;hm;inl;inc;ipp;xsd</Extensions>
    </Filter>
    <Filter Include="Archivos de recursos">
      <UniqueIdentifier>{67DA6AB6-F800-4c08-8B7A-83BB121AAD01}</UniqueIdentifier>
      <Extensions>rc;ico;cur;bmp;dlg;rc2;rct;bin;rgs;gif;jpg;jpeg;jpe;resx;tiff;tif;png;wav;mfcribbon-ms</Extensions>
    </Filter>
    <Filter Include="Archivos de encabezado\Player">
      <UniqueIdentifier>{0f1ef338-e273-4143-90db-88554129953d}</UniqueIdentifier>
    </Filter>
    <Filter Include="Archivos de origen\Player">
      <UniqueIdentifier>{36b22750-1d75-48b8-a16e-4ee6e84f6480}</UniqueIdentifier>
    </Filter>
    <Filter Include="Archivos de origen\Enemies">
      <UniqueIdentifier>{920ba4c6-e148-4c32-84eb-f64098fd4c99}</UniqueIdentifier>
    </Filter>
    <Filter Include="Archivos de origen\Enemies\Protector">
      <UniqueIdentifier>{0a5889bb-c0c2-4120-b1af-148c485be519}</UniqueIdentifier>
    </Filter>
    <Filter Include="Archivos de encabezado\Enemies">
      <UniqueIdentifier>{cf77b965-082d-4152-81f5-d08e289c5e81}</UniqueIdentifier>
    </Filter>
    <Filter Include="Archivos de encabezado\Enemies\Protector">
      <UniqueIdentifier>{ca68f670-a3f5-4fb3-9e54-319ae3f1b79e}</UniqueIdentifier>
    </Filter>
  </ItemGroup>
  <ItemGroup>
    <ClCompile Include="..\..\Src\TheHallway\Source.cpp">
      <Filter>Archivos de origen</Filter>
    </ClCompile>
    <ClCompile Include="..\..\Src\TheHallway\MazeCreator.cpp">
      <Filter>Archivos de origen</Filter>
    </ClCompile>
    <ClCompile Include="..\..\Src\TheHallway\Lighter.cpp">
      <Filter>Archivos de origen\Player</Filter>
    </ClCompile>
    <ClCompile Include="..\..\Src\TheHallway\PlayerMovement.cpp">
      <Filter>Archivos de origen\Player</Filter>
    </ClCompile>
    <ClCompile Include="..\..\Src\TheHallway\LoopMovement.cpp">
      <Filter>Archivos de origen\Enemies\Protector</Filter>
    </ClCompile>
    <ClCompile Include="..\..\Src\TheHallway\ChasePlayer.cpp">
      <Filter>Archivos de origen\Enemies\Protector</Filter>
    </ClCompile>
  </ItemGroup>
  <ItemGroup>
    <ClInclude Include="..\..\Src\TheHallway\MazeCreator.h">
      <Filter>Archivos de encabezado</Filter>
    </ClInclude>
    <ClInclude Include="..\..\Src\TheHallway\Lighter.h">
      <Filter>Archivos de encabezado\Player</Filter>
    </ClInclude>
    <ClInclude Include="..\..\Src\TheHallway\PlayerMovement.h">
      <Filter>Archivos de encabezado\Player</Filter>
    </ClInclude>
    <ClInclude Include="..\..\Src\TheHallway\LoopMovement.h">
      <Filter>Archivos de encabezado\Enemies\Protector</Filter>
    </ClInclude>
    <ClInclude Include="..\..\Src\TheHallway\ChasePlayer.h">
      <Filter>Archivos de encabezado\Enemies\Protector</Filter>
    </ClInclude>
  </ItemGroup>
  <ItemGroup>
    <None Include="..\..\Assets\lua\Scenes\scene1.lua">
      <Filter>Archivos de recursos</Filter>
    </None>
  </ItemGroup>
</Project>